github.com/kishibashi3/agent-hub-sdk/go v0.0.0-20260606144821-746cf63fa9c3 h1:ZwRxY++FbC3yvSKkJh9dDKk5LqJ+NeRyhVPVNLpz9oc=
github.com/kishibashi3/agent-hub-sdk/go v0.0.0-20260606144821-746cf63fa9c3/go.mod h1:Fb860Wvq9zooPdu173ugC98eywi2KTJ6izLn7pnGjXA=
github.com/kishibashi3/agent-hub-sdk/go v0.0.0-20260609041437-d10b9951f633 h1:LggJjXwtjUfzhVTTYkK5E9Nz6nLtCul79Ot8875VwJ8=
github.com/kishibashi3/agent-hub-sdk/go v0.0.0-20260609041437-d10b9951f633/go.mod h1:Fb860Wvq9zooPdu173ugC98eywi2KTJ6izLn7pnGjXA=
gopkg.in/check.v1 v0.0.0-20161208181325-20d25e280405 h1:yhCVgyC4o1eVCa2tZl7eS0r+SDo693bJlVdllGtEeKM=
gopkg.in/check.v1 v0.0.0-20161208181325-20d25e280405/go.mod h1:Co6ibVJAznAaIkqp8huTwlJQCZ016jof/cbN4VW5Yz0=
gopkg.in/yaml.v3 v3.0.1 h1:fxVm/GzAzEWqLHuvctI91KS9hhNmmWOoWu0XTYJS7CA=
gopkg.in/yaml.v3 v3.0.1/go.mod h1:K4uyk7z7BCEPqu6E+C64Yfv1cQ7kz7rIZviUmN+EgEM=
