github.com/kishibashi3/agent-hub-sdk/go v0.0.0-20260919213318-6bdf19dd4c84 h1:AZM6r77DBsDTVqdJp4ZC4O4slG9iko/GOVgX/dwOw5Q=
github.com/kishibashi3/agent-hub-sdk/go v0.0.0-20260919213318-6bdf19dd4c84/go.mod h1:lyJOIs0Hzu31ntL1tS622Ef1+CM3530LcyxxcoxIsls=
gopkg.in/check.v1 v0.0.0-20161208181325-20d25e280405 h1:yhCVgyC4o1eVCa2tZl7eS0r+SDo693bJlVdllGtEeKM=
gopkg.in/check.v1 v0.0.0-20161208181325-20d25e280405/go.mod h1:Co6ibVJAznAaIkqp8huTwlJQCZ016jof/cbN4VW5Yz0=
gopkg.in/yaml.v3 v3.0.1 h1:fxVm/GzAzEWqLHuvctI91KS9hhNmmWOoWu0XTYJS7CA=
gopkg.in/yaml.v3 v3.0.1/go.mod h1:K4uyk7z7BCEPqu6E+C64Yfv1cQ7kz7rIZviUmN+EgEM=
